# This file is automatically @generated by Cargo.
# It is not intended for manual editing.
[[package]]
name = "exe-a"
version = "0.1.0"
dependencies = [
 "lib-a 0.1.0",
]

[[package]]
name = "exe-b"
version = "0.1.0"
dependencies = [
 "lib-a 0.1.0",
]

[[package]]
name = "exe-c"
version = "0.1.0"
dependencies = [
 "lib-a 0.1.0",
]

[[package]]
name = "exe-d"
version = "0.1.0"
dependencies = [
 "lib-a 0.1.0",
]

[[package]]
name = "lib-a"
version = "0.1.0"

